
Microsoft Visual Studio Solution File, Format Version 12.00
# Visual Studio Version 17
VisualStudioVersion = 17.11.35303.130
MinimumVisualStudioVersion = 10.0.40219.1
Project("{8BC9CEB8-8B4A-11D0-8D11-00A0C91BC942}") = "LR_08.2_str", "LR_08.2_str.vcxproj", "{D8790BC4-72F5-40DB-8C85-3F025DD7C977}"
EndProject
Project("{8BC9CEB8-8B4A-11D0-8D11-00A0C91BC942}") = "UnitTest1", "UnitTest1\UnitTest1.vcxproj", "{46D854EC-910A-4C08-A5CD-80B071A41365}"
EndProject
Global
	GlobalSection(SolutionConfigurationPlatforms) = preSolution
		Debug|x64 = Debug|x64
		Debug|x86 = Debug|x86
		Release|x64 = Release|x64
		Release|x86 = Release|x86
	EndGlobalSection
	GlobalSection(ProjectConfigurationPlatforms) = postSolution
		{D8790BC4-72F5-40DB-8C85-3F025DD7C977}.Debug|x64.ActiveCfg = Debug|x64
		{D8790BC4-72F5-40DB-8C85-3F025DD7C977}.Debug|x64.Build.0 = Debug|x64
		{D8790BC4-72F5-40DB-8C85-3F025DD7C977}.Debug|x86.ActiveCfg = Debug|Win32
		{D8790BC4-72F5-40DB-8C85-3F025DD7C977}.Debug|x86.Build.0 = Debug|Win32
		{D8790BC4-72F5-40DB-8C85-3F025DD7C977}.Release|x64.ActiveCfg = Release|x64
		{D8790BC4-72F5-40DB-8C85-3F025DD7C977}.Release|x64.Build.0 = Release|x64
		{D8790BC4-72F5-40DB-8C85-3F025DD7C977}.Release|x86.ActiveCfg = Release|Win32
		{D8790BC4-72F5-40DB-8C85-3F025DD7C977}.Release|x86.Build.0 = Release|Win32
		{46D854EC-910A-4C08-A5CD-80B071A41365}.Debug|x64.ActiveCfg = Debug|x64
		{46D854EC-910A-4C08-A5CD-80B071A41365}.Debug|x64.Build.0 = Debug|x64
		{46D854EC-910A-4C08-A5CD-80B071A41365}.Debug|x86.ActiveCfg = Debug|Win32
		{46D854EC-910A-4C08-A5CD-80B071A41365}.Debug|x86.Build.0 = Debug|Win32
		{46D854EC-910A-4C08-A5CD-80B071A41365}.Release|x64.ActiveCfg = Release|x64
		{46D854EC-910A-4C08-A5CD-80B071A41365}.Release|x64.Build.0 = Release|x64
		{46D854EC-910A-4C08-A5CD-80B071A41365}.Release|x86.ActiveCfg = Release|Win32
		{46D854EC-910A-4C08-A5CD-80B071A41365}.Release|x86.Build.0 = Release|Win32
	EndGlobalSection
	GlobalSection(SolutionProperties) = preSolution
		HideSolutionNode = FALSE
	EndGlobalSection
	GlobalSection(ExtensibilityGlobals) = postSolution
		SolutionGuid = {B30E1930-759C-44F4-B72C-C48FAB72710C}
	EndGlobalSection
EndGlobal
